version = 1
revision = 3
requires-python = ">=3.13"

[[package]]
name = "agentcare"
version = "0.1.0"
source = { virtual = "." }
dependencies = [
    { name = "bcrypt" },
    { name = "sqlalchemy" },
]

[package.dev-dependencies]
dev = [
    { name = "pytest" },
]

[package.metadata]
requires-dist = [
    { name = "bcrypt", specifier = ">=4.0,<5.0" },
    { name = "sqlalchemy", specifier = ">=2.0,<3.0" },
]

[package.metadata.requires-dev]
dev = [{ name = "pytest", specifier = ">=8.0" }]

[[package]]
name = "bcrypt"
version = "4.3.0"
source = { registry = "https://pypi.org/simple" }
sdist = { url = "https://files.pythonhosted.org/packages/bb/5d/6d7433e0f3cd46ce0b43cd65e1db465ea024dbb8216fb2404e919c2ad77b/bcrypt-4.3.0.tar.gz", hash = "sha256:3a3fd2204178b6d2adcf09cb4f6426ffef54762577a7c9b54c159008cb288c18", size = 25697, upload-time = "2025-02-28T01:24:09.174Z" }
wheels = [
    { url = "https://files.pythonhosted.org/packages/bf/2c/3d44e853d1fe969d229bd58d39ae6902b3d924af0e2b5a60d17d4b809ded/bcrypt-4.3.0-cp313-cp313t-macosx_10_12_universal2.whl", hash = "sha256:f01e060f14b6b57bbb72fc5b4a83ac21c443c9a2ee708e04a10e9192f90a6281", size = 483719, upload-time = "2025-02-28T01:22:34.539Z" },
    { url = "https://files.pythonhosted.org/packages/a1/e2/58ff6e2a22eca2e2cff5370ae56dba29d70b1ea6fc08ee9115c3ae367795/bcrypt-4.3.0-cp313-cp313t-manylinux_2_17_aarch64.manylinux2014_aarch64.whl", hash = "sha256:c5eeac541cefd0bb887a371ef73c62c3cd78535e4887b310626036a7c0a817bb", size = 272001, upload-time = "2025-02-28T01:22:38.078Z" },
    { url = "https://files.pythonhosted.org/packages/37/1f/c55ed8dbe994b1d088309e366749633c9eb90d139af3c0a50c102ba68a1a/bcrypt-4.3.0-cp313-cp313t-manylinux_2_17_x86_64.manylinux2014_x86_64.whl", hash = "sha256:59e1aa0e2cd871b08ca146ed08445038f42ff75968c7ae50d2fdd7860ade2180", size = 277451, upload-time = "2025-02-28T01:22:40.787Z" },
    { url = "https://files.pythonhosted.org/packages/d7/1c/794feb2ecf22fe73dcfb697ea7057f632061faceb7dcf0f155f3443b4d79/bcrypt-4.3.0-cp313-cp313t-manylinux_2_28_aarch64.whl", hash = "sha256:0042b2e342e9ae3d2ed22727c1262f76cc4f345683b5c1715f0250cf4277294f", size = 272792, upload-time = "2025-02-28T01:22:43.144Z" },
    { url = "https://files.pythonhosted.org/packages/13/b7/0b289506a3f3598c2ae2bdfa0ea66969812ed200264e3f61df77753eee6d/bcrypt-4.3.0-cp313-cp313t-manylinux_2_28_armv7l.manylinux_2_31_armv7l.whl", hash = "sha256:74a8d21a09f5e025a9a23e7c0fd2c7fe8e7503e4d356c0a2c1486ba010619f09", size = 289752, upload-time = "2025-02-28T01:22:45.56Z" },
    { url = "https://files.pythonhosted.org/packages/dc/24/d0fb023788afe9e83cc118895a9f6c57e1044e7e1672f045e46733421fe6/bcrypt-4.3.0-cp313-cp313t-manylinux_2_28_x86_64.whl", hash = "sha256:0142b2cb84a009f8452c8c5a33ace5e3dfec4159e7735f5afe9a4d50a8ea722d", size = 277762, upload-time = "2025-02-28T01:22:47.023Z" },
    { url = "https://files.pythonhosted.org/packages/e4/38/cde58089492e55ac4ef6c49fea7027600c84fd23f7520c62118c03b4625e/bcrypt-4.3.0-cp313-cp313t-manylinux_2_34_aarch64.whl", hash = "sha256:12fa6ce40cde3f0b899729dbd7d5e8811cb892d31b6f7d0334a1f37748b789fd", size = 272384, upload-time = "2025-02-28T01:22:49.221Z" },
    { url = "https://files.pythonhosted.org/packages/de/6a/d5026520843490cfc8135d03012a413e4532a400e471e6188b01b2de853f/bcrypt-4.3.0-cp313-cp313t-manylinux_2_34_x86_64.whl", hash = "sha256:5bd3cca1f2aa5dbcf39e2aa13dd094ea181f48959e1071265de49cc2b82525af", size = 277329, upload-time = "2025-02-28T01:22:51.603Z" },
    { url = "https://files.pythonhosted.org/packages/b3/a3/4fc5255e60486466c389e28c12579d2829b28a527360e9430b4041df4cf9/bcrypt-4.3.0-cp313-cp313t-musllinux_1_1_aarch64.whl", hash = "sha256:335a420cfd63fc5bc27308e929bee231c15c85cc4c496610ffb17923abf7f231", size = 305241, upload-time = "2025-02-28T01:22:53.283Z" },
    { url = "https://files.pythonhosted.org/packages/c7/15/2b37bc07d6ce27cc94e5b10fd5058900eb8fb11642300e932c8c82e25c4a/bcrypt-4.3.0-cp313-cp313t-musllinux_1_1_x86_64.whl", hash = "sha256:0e30e5e67aed0187a1764911af023043b4542e70a7461ad20e837e94d23e1d6c", size = 309617, upload-time = "2025-02-28T01:22:55.461Z" },
    { url = "https://files.pythonhosted.org/packages/5f/1f/99f65edb09e6c935232ba0430c8c13bb98cb3194b6d636e61d93fe60ac59/bcrypt-4.3.0-cp313-cp313t-musllinux_1_2_aarch64.whl", hash = "sha256:3b8d62290ebefd49ee0b3ce7500f5dbdcf13b81402c05f6dafab9a1e1b27212f", size = 335751, upload-time = "2025-02-28T01:22:57.81Z" },
    { url = "https://files.pythonhosted.org/packages/00/1b/b324030c706711c99769988fcb694b3cb23f247ad39a7823a78e361bdbb8/bcrypt-4.3.0-cp313-cp313t-musllinux_1_2_x86_64.whl", hash = "sha256:2ef6630e0ec01376f59a006dc72918b1bf436c3b571b80fa1968d775fa02fe7d", size = 355965, upload-time = "2025-02-28T01:22:59.181Z" },
    { url = "https://files.pythonhosted.org/packages/aa/dd/20372a0579dd915dfc3b1cd4943b3bca431866fcb1dfdfd7518c3caddea6/bcrypt-4.3.0-cp313-cp313t-win32.whl", hash = "sha256:7a4be4cbf241afee43f1c3969b9103a41b40bcb3a3f467ab19f891d9bc4642e4", size = 155316, upload-time = "2025-02-28T01:23:00.763Z" },
    { url = "https://files.pythonhosted.org/packages/6d/52/45d969fcff6b5577c2bf17098dc36269b4c02197d551371c023130c0f890/bcrypt-4.3.0-cp313-cp313t-win_amd64.whl", hash = "sha256:5c1949bf259a388863ced887c7861da1df681cb2388645766c89fdfd9004c669", size = 147752, upload-time = "2025-02-28T01:23:02.908Z" },
    { url = "https://files.pythonhosted.org/packages/11/22/5ada0b9af72b60cbc4c9a399fdde4af0feaa609d27eb0adc61607997a3fa/bcrypt-4.3.0-cp38-abi3-macosx_10_12_universal2.whl", hash = "sha256:f81b0ed2639568bf14749112298f9e4e2b28853dab50a8b357e31798686a036d", size = 498019, upload-time = "2025-02-28T01:23:05.838Z" },
    { url = "https://files.pythonhosted.org/packages/b8/8c/252a1edc598dc1ce57905be173328eda073083826955ee3c97c7ff5ba584/bcrypt-4.3.0-cp38-abi3-manylinux_2_17_aarch64.manylinux2014_aarch64.whl", hash = "sha256:864f8f19adbe13b7de11ba15d85d4a428c7e2f344bac110f667676a0ff84924b", size = 279174, upload-time = "2025-02-28T01:23:07.274Z" },
    { url = "https://files.pythonhosted.org/packages/29/5b/4547d5c49b85f0337c13929f2ccbe08b7283069eea3550a457914fc078aa/bcrypt-4.3.0-cp38-abi3-manylinux_2_17_x86_64.manylinux2014_x86_64.whl", hash = "sha256:3e36506d001e93bffe59754397572f21bb5dc7c83f54454c990c74a468cd589e", size = 283870, upload-time = "2025-02-28T01:23:09.151Z" },
    { url = "https://files.pythonhosted.org/packages/be/21/7dbaf3fa1745cb63f776bb046e481fbababd7d344c5324eab47f5ca92dd2/bcrypt-4.3.0-cp38-abi3-manylinux_2_28_aarch64.whl", hash = "sha256:842d08d75d9fe9fb94b18b071090220697f9f184d4547179b60734846461ed59", size = 279601, upload-time = "2025-02-28T01:23:11.461Z" },
    { url = "https://files.pythonhosted.org/packages/6d/64/e042fc8262e971347d9230d9abbe70d68b0a549acd8611c83cebd3eaec67/bcrypt-4.3.0-cp38-abi3-manylinux_2_28_armv7l.manylinux_2_31_armv7l.whl", hash = "sha256:7c03296b85cb87db865d91da79bf63d5609284fc0cab9472fdd8367bbd830753", size = 297660, upload-time = "2025-02-28T01:23:12.989Z" },
    { url = "https://files.pythonhosted.org/packages/50/b8/6294eb84a3fef3b67c69b4470fcdd5326676806bf2519cda79331ab3c3a9/bcrypt-4.3.0-cp38-abi3-manylinux_2_28_x86_64.whl", hash = "sha256:62f26585e8b219cdc909b6a0069efc5e4267e25d4a3770a364ac58024f62a761", size = 284083, upload-time = "2025-02-28T01:23:14.5Z" },
    { url = "https://files.pythonhosted.org/packages/62/e6/baff635a4f2c42e8788fe1b1633911c38551ecca9a749d1052d296329da6/bcrypt-4.3.0-cp38-abi3-manylinux_2_34_aarch64.whl", hash = "sha256:beeefe437218a65322fbd0069eb437e7c98137e08f22c4660ac2dc795c31f8bb", size = 279237, upload-time = "2025-02-28T01:23:16.686Z" },
    { url = "https://files.pythonhosted.org/packages/39/48/46f623f1b0c7dc2e5de0b8af5e6f5ac4cc26408ac33f3d424e5ad8da4a90/bcrypt-4.3.0-cp38-abi3-manylinux_2_34_x86_64.whl", hash = "sha256:97eea7408db3a5bcce4a55d13245ab3fa566e23b4c67cd227062bb49e26c585d", size = 283737, upload-time = "2025-02-28T01:23:18.897Z" },
    { url = "https://files.pythonhosted.org/packages/49/8b/70671c3ce9c0fca4a6cc3cc6ccbaa7e948875a2e62cbd146e04a4011899c/bcrypt-4.3.0-cp38-abi3-musllinux_1_1_aarch64.whl", hash = "sha256:191354ebfe305e84f344c5964c7cd5f924a3bfc5d405c75ad07f232b6dffb49f", size = 312741, upload-time = "2025-02-28T01:23:21.041Z" },
    { url = "https://files.pythonhosted.org/packages/27/fb/910d3a1caa2d249b6040a5caf9f9866c52114d51523ac2fb47578a27faee/bcrypt-4.3.0-cp38-abi3-musllinux_1_1_x86_64.whl", hash = "sha256:41261d64150858eeb5ff43c753c4b216991e0ae16614a308a15d909503617732", size = 316472, upload-time = "2025-02-28T01:23:23.183Z" },
    { url = "https://files.pythonhosted.org/packages/dc/cf/7cf3a05b66ce466cfb575dbbda39718d45a609daa78500f57fa9f36fa3c0/bcrypt-4.3.0-cp38-abi3-musllinux_1_2_aarch64.whl", hash = "sha256:33752b1ba962ee793fa2b6321404bf20011fe45b9afd2a842139de3011898fef", size = 343606, upload-time = "2025-02-28T01:23:25.361Z" },
    { url = "https://files.pythonhosted.org/packages/e3/b8/e970ecc6d7e355c0d892b7f733480f4aa8509f99b33e71550242cf0b7e63/bcrypt-4.3.0-cp38-abi3-musllinux_1_2_x86_64.whl", hash = "sha256:50e6e80a4bfd23a25f5c05b90167c19030cf9f87930f7cb2eacb99f45d1c3304", size = 362867, upload-time = "2025-02-28T01:23:26.875Z" },
    { url = "https://files.pythonhosted.org/packages/a9/97/8d3118efd8354c555a3422d544163f40d9f236be5b96c714086463f11699/bcrypt-4.3.0-cp38-abi3-win32.whl", hash = "sha256:67a561c4d9fb9465ec866177e7aebcad08fe23aaf6fbd692a6fab69088abfc51", size = 160589, upload-time = "2025-02-28T01:23:28.381Z" },
    { url = "https://files.pythonhosted.org/packages/29/07/416f0b99f7f3997c69815365babbc2e8754181a4b1899d921b3c7d5b6f12/bcrypt-4.3.0-cp38-abi3-win_amd64.whl", hash = "sha256:584027857bc2843772114717a7490a37f68da563b3620f78a849bcb54dc11e62", size = 152794, upload-time = "2025-02-28T01:23:30.187Z" },
    { url = "https://files.pythonhosted.org/packages/6e/c1/3fa0e9e4e0bfd3fd77eb8b52ec198fd6e1fd7e9402052e43f23483f956dd/bcrypt-4.3.0-cp39-abi3-macosx_10_12_universal2.whl", hash = "sha256:0d3efb1157edebfd9128e4e46e2ac1a64e0c1fe46fb023158a407c7892b0f8c3", size = 498969, upload-time = "2025-02-28T01:23:31.945Z" },
    { url = "https://files.pythonhosted.org/packages/ce/d4/755ce19b6743394787fbd7dff6bf271b27ee9b5912a97242e3caf125885b/bcrypt-4.3.0-cp39-abi3-manylinux_2_17_aarch64.manylinux2014_aarch64.whl", hash = "sha256:08bacc884fd302b611226c01014eca277d48f0a05187666bca23aac0dad6fe24", size = 279158, upload-time = "2025-02-28T01:23:34.161Z" },
    { url = "https://files.pythonhosted.org/packages/9b/5d/805ef1a749c965c46b28285dfb5cd272a7ed9fa971f970435a5133250182/bcrypt-4.3.0-cp39-abi3-manylinux_2_17_x86_64.manylinux2014_x86_64.whl", hash = "sha256:f6746e6fec103fcd509b96bacdfdaa2fbde9a553245dbada284435173a6f1aef", size = 284285, upload-time = "2025-02-28T01:23:35.765Z" },
    { url = "https://files.pythonhosted.org/packages/ab/2b/698580547a4a4988e415721b71eb45e80c879f0fb04a62da131f45987b96/bcrypt-4.3.0-cp39-abi3-manylinux_2_28_aarch64.whl", hash = "sha256:afe327968aaf13fc143a56a3360cb27d4ad0345e34da12c7290f1b00b8fe9a8b", size = 279583, upload-time = "2025-02-28T01:23:38.021Z" },
    { url = "https://files.pythonhosted.org/packages/f2/87/62e1e426418204db520f955ffd06f1efd389feca893dad7095bf35612eec/bcrypt-4.3.0-cp39-abi3-manylinux_2_28_armv7l.manylinux_2_31_armv7l.whl", hash = "sha256:d9af79d322e735b1fc33404b5765108ae0ff232d4b54666d46730f8ac1a43676", size = 297896, upload-time = "2025-02-28T01:23:39.575Z" },
    { url = "https://files.pythonhosted.org/packages/cb/c6/8fedca4c2ada1b6e889c52d2943b2f968d3427e5d65f595620ec4c06fa2f/bcrypt-4.3.0-cp39-abi3-manylinux_2_28_x86_64.whl", hash = "sha256:f1e3ffa1365e8702dc48c8b360fef8d7afeca482809c5e45e653af82ccd088c1", size = 284492, upload-time = "2025-02-28T01:23:40.901Z" },
    { url = "https://files.pythonhosted.org/packages/4d/4d/c43332dcaaddb7710a8ff5269fcccba97ed3c85987ddaa808db084267b9a/bcrypt-4.3.0-cp39-abi3-manylinux_2_34_aarch64.whl", hash = "sha256:3004df1b323d10021fda07a813fd33e0fd57bef0e9a480bb143877f6cba996fe", size = 279213, upload-time = "2025-02-28T01:23:42.653Z" },
    { url = "https://files.pythonhosted.org/packages/dc/7f/1e36379e169a7df3a14a1c160a49b7b918600a6008de43ff20d479e6f4b5/bcrypt-4.3.0-cp39-abi3-manylinux_2_34_x86_64.whl", hash = "sha256:531457e5c839d8caea9b589a1bcfe3756b0547d7814e9ce3d437f17da75c32b0", size = 284162, upload-time = "2025-02-28T01:23:43.964Z" },
    { url = "https://files.pythonhosted.org/packages/1c/0a/644b2731194b0d7646f3210dc4d80c7fee3ecb3a1f791a6e0ae6bb8684e3/bcrypt-4.3.0-cp39-abi3-musllinux_1_1_aarch64.whl", hash = "sha256:17a854d9a7a476a89dcef6c8bd119ad23e0f82557afbd2c442777a16408e614f", size = 312856, upload-time = "2025-02-28T01:23:46.011Z" },
    { url = "https://files.pythonhosted.org/packages/dc/62/2a871837c0bb6ab0c9a88bf54de0fc021a6a08832d4ea313ed92a669d437/bcrypt-4.3.0-cp39-abi3-musllinux_1_1_x86_64.whl", hash = "sha256:6fb1fd3ab08c0cbc6826a2e0447610c6f09e983a281b919ed721ad32236b8b23", size = 316726, upload-time = "2025-02-28T01:23:47.575Z" },
    { url = "https://files.pythonhosted.org/packages/0c/a1/9898ea3faac0b156d457fd73a3cb9c2855c6fd063e44b8522925cdd8ce46/bcrypt-4.3.0-cp39-abi3-musllinux_1_2_aarch64.whl", hash = "sha256:e965a9c1e9a393b8005031ff52583cedc15b7884fce7deb8b0346388837d6cfe", size = 343664, upload-time = "2025-02-28T01:23:49.059Z" },
    { url = "https://files.pythonhosted.org/packages/40/f2/71b4ed65ce38982ecdda0ff20c3ad1b15e71949c78b2c053df53629ce940/bcrypt-4.3.0-cp39-abi3-musllinux_1_2_x86_64.whl", hash = "sha256:79e70b8342a33b52b55d93b3a59223a844962bef479f6a0ea318ebbcadf71505", size = 363128, upload-time = "2025-02-28T01:23:50.399Z" },
    { url = "https://files.pythonhosted.org/packages/11/99/12f6a58eca6dea4be992d6c681b7ec9410a1d9f5cf368c61437e31daa879/bcrypt-4.3.0-cp39-abi3-win32.whl", hash = "sha256:b4d4e57f0a63fd0b358eb765063ff661328f69a04494427265950c71b992a39a", size = 160598, upload-time = "2025-02-28T01:23:51.775Z" },
    { url = "https://files.pythonhosted.org/packages/a9/cf/45fb5261ece3e6b9817d3d82b2f343a505fd58674a92577923bc500bd1aa/bcrypt-4.3.0-cp39-abi3-win_amd64.whl", hash = "sha256:e53e074b120f2877a35cc6c736b8eb161377caae8925c17688bd46ba56daaa5b", size = 152799, upload-time = "2025-02-28T01:23:53.139Z" },
]

[[package]]
name = "colorama"
version = "0.4.6"
source = { registry = "https://pypi.org/simple" }
sdist = { url = "https://files.pythonhosted.org/packages/d8/53/6f443c9a4a8358a93a6792e2acffb9d9d5cb0a5cfd8802644b7b1c9a02e4/colorama-0.4.6.tar.gz", hash = "sha256:08695f5cb7ed6e0531a20572697297273c47b8cae5a63ffc6d6ed5c201be6e44", size = 27697, upload-time = "2022-10-25T02:36:22.414Z" }
wheels = [
    { url = "https://files.pythonhosted.org/packages/d1/d6/3965ed04c63042e047cb6a3e6ed1a63a35087b6a609aa3a15ed8ac56c221/colorama-0.4.6-py2.py3-none-any.whl", hash = "sha256:4f1d9991f5acc0ca119f9d443620b77f9d6b33703e51011c16baf57afb285fc6", size = 25335, upload-time = "2022-10-25T02:36:20.889Z" },
]

[[package]]
name = "greenlet"
version = "3.5.3"
source = { registry = "https://pypi.org/simple" }
sdist = { url = "https://files.pythonhosted.org/packages/e2/f1/fbbfef6af0bad0548f09bc28948ea3c275b4edb19e17fc5ca9900a6a634d/greenlet-3.5.3.tar.gz", hash = "sha256:a61efc018fd3eb317eeca31aba90ee9e7f26f22884a79b6c6ec715bf71bb62f1", size = 200270, upload-time = "2026-06-26T19:28:24.832Z" }
wheels = [
    { url = "https://files.pythonhosted.org/packages/9b/ff/a620267401db30a50cc8450ee90730e2d4a85658c055c0e760d4ed47fb13/greenlet-3.5.3-cp313-cp313-macosx_11_0_universal2.whl", hash = "sha256:c8d87c2134d871df96ecdea9cec7cbaab286dadab0f56476e57aaf9e8ac11550", size = 287609, upload-time = "2026-06-26T18:21:14.724Z" },
    { url = "https://files.pythonhosted.org/packages/d6/fa/5401ac78021c826a25b6dde0c705e0a8f29b617509f9185a31dac15fbe1b/greenlet-3.5.3-cp313-cp313-manylinux_2_24_aarch64.manylinux_2_28_aarch64.whl", hash = "sha256:a2d185dd1621757e70c3861cceffd5317ab4e7ed7eb09c82994828468527ade5", size = 607435, upload-time = "2026-06-26T19:07:11.412Z" },
    { url = "https://files.pythonhosted.org/packages/e9/76/1dc144a2e56e65d36405078ed774224375ea520a1870a6e46e08bb4ac7bf/greenlet-3.5.3-cp313-cp313-manylinux_2_24_ppc64le.manylinux_2_28_ppc64le.whl", hash = "sha256:1c514a468149bf8fbbab874188a3535cd8a48a3e353eb53a3d424296f8dbacd3", size = 619787, upload-time = "2026-06-26T19:10:08.396Z" },
    { url = "https://files.pythonhosted.org/packages/bf/87/c298cee62df1de4ad7fec32abda73526cff347fd143a6ed4ac369246668a/greenlet-3.5.3-cp313-cp313-manylinux_2_24_x86_64.manylinux_2_28_x86_64.whl", hash = "sha256:915f887cf2682b66419b879423a2e072634aa7b7dce6f3ada4957cfced3f1e9a", size = 616786, upload-time = "2026-06-26T18:32:19.128Z" },
    { url = "https://files.pythonhosted.org/packages/9e/2e/e6f009885ed0705ccf33fe0583c117cfd03cde77e31a596dd5785a30762b/greenlet-3.5.3-cp313-cp313-musllinux_1_2_aarch64.whl", hash = "sha256:766cfd421c13e450feb340cd472a3ed9957d438727b7b4593ad7c76c5d2b0deb", size = 1574316, upload-time = "2026-06-26T19:09:04.273Z" },
    { url = "https://files.pythonhosted.org/packages/ef/fe/43fd110b01e40da0adb7c90ac7ea744bef2d43dca00de5095fd2351c2a68/greenlet-3.5.3-cp313-cp313-musllinux_1_2_x86_64.whl", hash = "sha256:2ecda9ec22edf38fa389369eaed8c3d37c05f3c54e69f69438dbb2cc1de1458b", size = 1638614, upload-time = "2026-06-26T18:31:46.297Z" },
    { url = "https://files.pythonhosted.org/packages/0f/7c/062447147a61f8b4337b156fe70d32a165fcf2f89d7ca6255e572806705c/greenlet-3.5.3-cp313-cp313-win_amd64.whl", hash = "sha256:c82304750f057167ff60d188df1d0cc1764ce9567eadf03e6a7443bcedd0b30b", size = 239850, upload-time = "2026-06-26T18:21:54.613Z" },
    { url = "https://files.pythonhosted.org/packages/c7/7e/220a7f5824a64a60443fc03b39dfac4ea63a7fb6d481efa27eafa928e7f4/greenlet-3.5.3-cp313-cp313-win_arm64.whl", hash = "sha256:dc133a1569ee667b2a6ef56ce551084aeefd87a5acbc4736d336d1e2edc6cfc4", size = 238141, upload-time = "2026-06-26T18:22:48.507Z" },
    { url = "https://files.pythonhosted.org/packages/c3/93/43e116ee114b28737ba7e12952a0d4e2f55944d0f84e42bc91ba7192a3c9/greenlet-3.5.3-cp314-cp314-macosx_11_0_universal2.whl", hash = "sha256:fd2e02fa07485778536a036222d616ab957b1d533f36b3ed98ce725d9c9d3117", size = 288202, upload-time = "2026-06-26T18:23:49.604Z" },
    { url = "https://files.pythonhosted.org/packages/82/2f/146d218299046a43d1f029fd544b3d110d0f175a09c715c7e8da4a4a345d/greenlet-3.5.3-cp314-cp314-manylinux_2_24_aarch64.manylinux_2_28_aarch64.whl", hash = "sha256:df0a0628d1597eb0897b62f55d1343f772405fd25f3b2a796c76874b0c2e22e8", size = 654096, upload-time = "2026-06-26T19:07:12.71Z" },
    { url = "https://files.pythonhosted.org/packages/a0/cc/04738cafb3f45fa991ea44f9de94c47dcec964f5a972300988a6751f49d9/greenlet-3.5.3-cp314-cp314-manylinux_2_24_ppc64le.manylinux_2_28_ppc64le.whl", hash = "sha256:ebd933a6adabc298bab47731a130fe6bfb888bd934eee37810f151159544540d", size = 666304, upload-time = "2026-06-26T19:10:09.503Z" },
    { url = "https://files.pythonhosted.org/packages/ce/aa/4e0dad5e605c270c784ab911c43da6adb136ccd4d81180f763ca429a723d/greenlet-3.5.3-cp314-cp314-manylinux_2_24_x86_64.manylinux_2_28_x86_64.whl", hash = "sha256:4b9d501b40e80b70e32323c799dd9b420a5577a9601469d362ae1ffb690f3a7c", size = 663635, upload-time = "2026-06-26T18:32:20.802Z" },
    { url = "https://files.pythonhosted.org/packages/d1/50/13efdbea246fe3d3b735e191fec08fb50809f53cd2383ebe123d0809e44b/greenlet-3.5.3-cp314-cp314-musllinux_1_2_aarch64.whl", hash = "sha256:a1fad1d11e7d6aab184107baa8e4ece11ccba3ec9599cd7efa5ff4d70d43256a", size = 1621252, upload-time = "2026-06-26T19:09:05.647Z" },
    { url = "https://files.pythonhosted.org/packages/f7/22/c0a336ae4a1410fd5f5121098e5bfbf1865f64c5ef80b4b5412886c4a332/greenlet-3.5.3-cp314-cp314-musllinux_1_2_x86_64.whl", hash = "sha256:fad5aec764399f1b5cc347ad250a59660f20c8f8888ea6bae1f93b769cce1154", size = 1684824, upload-time = "2026-06-26T18:31:47.738Z" },
    { url = "https://files.pythonhosted.org/packages/7a/94/91aec0030bea75c4b3244251d0de60a1f3432d1ecb53ab6c437fb5c3ba61/greenlet-3.5.3-cp314-cp314-win_amd64.whl", hash = "sha256:7669aa24cf2a1041d6f7899575b494a3ab4cf68bfcc8609b1dc0be7272db835e", size = 240754, upload-time = "2026-06-26T18:22:15.669Z" },
    { url = "https://files.pythonhosted.org/packages/e5/06/68d0983e79e02138f64b4d303c500c27ddb48e5e77f3debb80888a921eae/greenlet-3.5.3-cp314-cp314-win_arm64.whl", hash = "sha256:5b4807c4082c9d1b6d9eed56fcd041863e37f2228106eef24c30ca096e238605", size = 239549, upload-time = "2026-06-26T18:22:42.996Z" },
    { url = "https://files.pythonhosted.org/packages/91/95/3e161213d7f1d378d15aa9e792093e9bfe01844680d04b7fd6e0107c9098/greenlet-3.5.3-cp314-cp314t-macosx_11_0_universal2.whl", hash = "sha256:271a8ea7c1024e8a0d7dd2be66dd66dda8a07193f41a17b9e924f7600f5b62be", size = 296389, upload-time = "2026-06-26T18:22:20.657Z" },
    { url = "https://files.pythonhosted.org/packages/00/92/715c44721abe2b4d1ae9abde4179411868a5bff312479f54e105d372f131/greenlet-3.5.3-cp314-cp314t-manylinux_2_24_aarch64.manylinux_2_28_aarch64.whl", hash = "sha256:19131729ae0ddc3c2e1ef85e650169b5e37ee32e400f215f78b94d7b0d567310", size = 653382, upload-time = "2026-06-26T19:07:14.209Z" },
    { url = "https://files.pythonhosted.org/packages/a0/83/37a10372a1090a6624cca8e74c12df1a36c2dc36429ed0255b7fb1aeee23/greenlet-3.5.3-cp314-cp314t-manylinux_2_24_ppc64le.manylinux_2_28_ppc64le.whl", hash = "sha256:1540dd8e5fc2a5aec40fbb98ef8e149fa47c89a4b4a1cf2575a14d3d1869d7a8", size = 659401, upload-time = "2026-06-26T19:10:10.876Z" },
    { url = "https://files.pythonhosted.org/packages/db/e2/d1509cad4207da559cc42986ecdd8fc67ad0d1bba2bf03023c467fd5e0f3/greenlet-3.5.3-cp314-cp314t-manylinux_2_24_x86_64.manylinux_2_28_x86_64.whl", hash = "sha256:e81fa194a1d20967877bdf9c7794db2bc99063e5be36aee710c08f04c5bb087f", size = 656969, upload-time = "2026-06-26T18:32:22.272Z" },
    { url = "https://files.pythonhosted.org/packages/86/7d/eaf70de20aadca3a5884aec58362861c64ce45e7b277f47ed026926a3b89/greenlet-3.5.3-cp314-cp314t-musllinux_1_2_aarch64.whl", hash = "sha256:55cf4d777485d43110e47133cbba6d74a8885a87ec1227ef0267f9ee80c5aa21", size = 1617822, upload-time = "2026-06-26T19:09:06.893Z" },
    { url = "https://files.pythonhosted.org/packages/8a/f9/414d38fc400ae4350d4185eaad1827676f7cf5287b9136e0ed1cbbe20a7f/greenlet-3.5.3-cp314-cp314t-musllinux_1_2_x86_64.whl", hash = "sha256:12a248ba75f6a9a236375f52296c498c89ff1d8badf32deb9eca7abd5853f7da", size = 1677983, upload-time = "2026-06-26T18:31:49.396Z" },
    { url = "https://files.pythonhosted.org/packages/e4/15/7edb977e08f9bff702fe42d6c902702786ff6b9694058b4e6a2a6ac90e57/greenlet-3.5.3-cp314-cp314t-win_amd64.whl", hash = "sha256:efc6bd60ea02e085862c74a3ef64b147ffc6f1a5ea7d9f26e7a939943f68c1e3", size = 243626, upload-time = "2026-06-26T18:24:41.485Z" },
    { url = "https://files.pythonhosted.org/packages/2c/8a/93928dce91e6b3598b5e779e8d1fd6576a504640c58e78627077f6a7a91a/greenlet-3.5.3-cp315-cp315-macosx_11_0_universal2.whl", hash = "sha256:ea03f2f04367845d6b58eeed276e1e56e51f0b97d8ad5a88a7d20a91dc9056cc", size = 288860, upload-time = "2026-06-26T18:22:48.07Z" },
    { url = "https://files.pythonhosted.org/packages/4f/ca/69db42d447a1378043e2c8f19c09cbbd1263371505053c496b49066d3d16/greenlet-3.5.3-cp315-cp315-manylinux_2_24_aarch64.manylinux_2_28_aarch64.whl", hash = "sha256:78dbef602fda6d97d957eb7937f70c9ce9e9527330347f8f6b6f9e554a9e7a47", size = 659747, upload-time = "2026-06-26T19:07:15.565Z" },
    { url = "https://files.pythonhosted.org/packages/a8/0b/af7ac2ef8dd41e3da1a40dda6305c23b9a03e13ba975ec916357b50f8575/greenlet-3.5.3-cp315-cp315-manylinux_2_24_ppc64le.manylinux_2_28_ppc64le.whl", hash = "sha256:6f73857adb8fee13fa56c172bd11262f888c0c648f9fea113e777bb2c7904a81", size = 670419, upload-time = "2026-06-26T19:10:12.293Z" },
    { url = "https://files.pythonhosted.org/packages/51/1e/1d51640cacbfc455dbe9f9a9f594c49e4e244f63b9971a2f4764e46cc53d/greenlet-3.5.3-cp315-cp315-manylinux_2_24_x86_64.manylinux_2_28_x86_64.whl", hash = "sha256:232fec92e823addaf02d9472cf7381e24a1d046a6ced1103c5caa4c21b9dfc1d", size = 668787, upload-time = "2026-06-26T18:32:24.298Z" },
    { url = "https://files.pythonhosted.org/packages/21/66/4030d5b0b5894500023f003bb054d9bb354dfbd1e186c3a296759172f5f5/greenlet-3.5.3-cp315-cp315-musllinux_1_2_aarch64.whl", hash = "sha256:2421c3564da9429d5586d46ca31ebb26516b5498a802cf65c041a8e8a8980d34", size = 1626305, upload-time = "2026-06-26T19:09:08.281Z" },
    { url = "https://files.pythonhosted.org/packages/0e/50/5221371c7550108dfa3c378debc41d032aa9c78e89abb01d8011cfc93289/greenlet-3.5.3-cp315-cp315-musllinux_1_2_x86_64.whl", hash = "sha256:e0f0d160f0b2e558e6c75f7930967183255dc9735e5f5b8cae58ee09c9576d8b", size = 1688631, upload-time = "2026-06-26T18:31:51.278Z" },
    { url = "https://files.pythonhosted.org/packages/68/5d/00d469daae3c65d2bf620b10eee82eb022127d483c6bc8c69fae6f3fbf17/greenlet-3.5.3-cp315-cp315-win_amd64.whl", hash = "sha256:dd99329bbc15ca78dcc583dba05d0b1b0bae01ab6c2174989f5aaee3e41ac930", size = 241027, upload-time = "2026-06-26T18:22:38.203Z" },
    { url = "https://files.pythonhosted.org/packages/e7/e8/883785b44c5780ed71e83d3e4437e710470be17a2e181e8b601e2da0dc4a/greenlet-3.5.3-cp315-cp315-win_arm64.whl", hash = "sha256:499fef2acede88c1864a57bb586b4bf533c81e1b82df7ab93451cdb47dfec227", size = 240085, upload-time = "2026-06-26T18:23:54.217Z" },
    { url = "https://files.pythonhosted.org/packages/1c/da/4f4a8450962fad137c1c8981a3f1b8919d06c829993d4d476f9c525d5173/greenlet-3.5.3-cp315-cp315t-macosx_11_0_universal2.whl", hash = "sha256:176bc16a721fa5fc294d70b87b4dfa5fbdd251b3da5d5372735ecef9bd7d6d0c", size = 297221, upload-time = "2026-06-26T18:23:27.176Z" },
    { url = "https://files.pythonhosted.org/packages/57/66/b3bfae3e220a9b63ea539a0eea681800c69ab1aada757eae8789f183e7ce/greenlet-3.5.3-cp315-cp315t-manylinux_2_24_aarch64.manylinux_2_28_aarch64.whl", hash = "sha256:629b614d2b786e89c50440e246f33eea78f58a962d0bdbbcc809e6d13605903f", size = 657221, upload-time = "2026-06-26T19:07:16.973Z" },
    { url = "https://files.pythonhosted.org/packages/7b/81/b6d4d73a709684fc77e7fa034d7c2fe82cffa9fc920fadcaa659c2626213/greenlet-3.5.3-cp315-cp315t-manylinux_2_24_ppc64le.manylinux_2_28_ppc64le.whl", hash = "sha256:2b2e857ae16f5f72142edf75f9f176fe7526ba19a2841df1420516f83831c9f2", size = 663226, upload-time = "2026-06-26T19:10:13.723Z" },
    { url = "https://files.pythonhosted.org/packages/f5/07/e210b02b589f16e74ff48b730690e4a34ffe984219fce4f3c1a0e7ec8545/greenlet-3.5.3-cp315-cp315t-manylinux_2_24_x86_64.manylinux_2_28_x86_64.whl", hash = "sha256:e515757e2e36bcbf1fad09a46e1557e8b1ae1797d4b44d09da7deed88ad28608", size = 660802, upload-time = "2026-06-26T18:32:26.081Z" },
    { url = "https://files.pythonhosted.org/packages/eb/2e/5303eb3fa06bca089060f479707182a93e360683bc252acf846c3090d34e/greenlet-3.5.3-cp315-cp315t-musllinux_1_2_aarch64.whl", hash = "sha256:b363d46ed1ea431825fdb01471bb024fc08399bad1572a616e853c7684415adb", size = 1622157, upload-time = "2026-06-26T19:09:09.527Z" },
    { url = "https://files.pythonhosted.org/packages/54/70/50de47a488f14df260b50ae34fb5d56016e308b098eab02c878b5223c26a/greenlet-3.5.3-cp315-cp315t-musllinux_1_2_x86_64.whl", hash = "sha256:e44da2f5bbdaabaf7d80b73dbb430c7035771e9f244e3c8b769715c9d8fa0a16", size = 1681159, upload-time = "2026-06-26T18:31:52.986Z" },
    { url = "https://files.pythonhosted.org/packages/a7/13/1055e1dda7882073eda533e2b96c62e55bbd2db7fda6d5ece992febc7071/greenlet-3.5.3-cp315-cp315t-win_amd64.whl", hash = "sha256:8ff8bed3e3baa20a3ea261ce00526f1898ad4801d4886fd2220580ee0ad8fadf", size = 244007, upload-time = "2026-06-26T18:22:04.353Z" },
    { url = "https://files.pythonhosted.org/packages/b4/0d/ca7d15afbdc397e3401134c9e1800d51d12b829661786187a4ad08fe484f/greenlet-3.5.3-cp315-cp315t-win_arm64.whl", hash = "sha256:b7068bd09f761f3f5b4d214c2bed063186b2a86148c740b3873e3f56d79bac31", size = 242586, upload-time = "2026-06-26T18:23:37.93Z" },
]

[[package]]
name = "iniconfig"
version = "2.3.0"
source = { registry = "https://pypi.org/simple" }
sdist = { url = "https://files.pythonhosted.org/packages/72/34/14ca021ce8e5dfedc35312d08ba8bf51fdd999c576889fc2c24cb97f4f10/iniconfig-2.3.0.tar.gz", hash = "sha256:c76315c77db068650d49c5b56314774a7804df16fee4402c1f19d6d15d8c4730", size = 20503, upload-time = "2025-10-18T21:55:43.219Z" }
wheels = [
    { url = "https://files.pythonhosted.org/packages/cb/b1/3846dd7f199d53cb17f49cba7e651e9ce294d8497c8c150530ed11865bb8/iniconfig-2.3.0-py3-none-any.whl", hash = "sha256:f631c04d2c48c52b84d0d0549c99ff3859c98df65b3101406327ecc7d53fbf12", size = 7484, upload-time = "2025-10-18T21:55:41.639Z" },
]

[[package]]
name = "packaging"
version = "26.2"
source = { registry = "https://pypi.org/simple" }
sdist = { url = "https://files.pythonhosted.org/packages/d7/f1/e7a6dd94a8d4a5626c03e4e99c87f241ba9e350cd9e6d75123f992427270/packaging-26.2.tar.gz", hash = "sha256:ff452ff5a3e828ce110190feff1178bb1f2ea2281fa2075aadb987c2fb221661", size = 228134, upload-time = "2026-04-24T20:15:23.917Z" }
wheels = [
    { url = "https://files.pythonhosted.org/packages/df/b2/87e62e8c3e2f4b32e5fe99e0b86d576da1312593b39f47d8ceef365e95ed/packaging-26.2-py3-none-any.whl", hash = "sha256:5fc45236b9446107ff2415ce77c807cee2862cb6fac22b8a73826d0693b0980e", size = 100195, upload-time = "2026-04-24T20:15:22.081Z" },
]

[[package]]
name = "pluggy"
version = "1.6.0"
source = { registry = "https://pypi.org/simple" }
sdist = { url = "https://files.pythonhosted.org/packages/f9/e2/3e91f31a7d2b083fe6ef3fa267035b518369d9511ffab804f839851d2779/pluggy-1.6.0.tar.gz", hash = "sha256:7dcc130b76258d33b90f61b658791dede3486c3e6bfb003ee5c9bfb396dd22f3", size = 69412, upload-time = "2025-05-15T12:30:07.975Z" }
wheels = [
    { url = "https://files.pythonhosted.org/packages/54/20/4d324d65cc6d9205fabedc306948156824eb9f0ee1633355a8f7ec5c66bf/pluggy-1.6.0-py3-none-any.whl", hash = "sha256:e920276dd6813095e9377c0bc5566d94c932c33b27a3e3945d8389c374dd4746", size = 20538, upload-time = "2025-05-15T12:30:06.134Z" },
]

[[package]]
name = "pygments"
version = "2.20.0"
source = { registry = "https://pypi.org/simple" }
sdist = { url = "https://files.pythonhosted.org/packages/c3/b2/bc9c9196916376152d655522fdcebac55e66de6603a76a02bca1b6414f6c/pygments-2.20.0.tar.gz", hash = "sha256:6757cd03768053ff99f3039c1a36d6c0aa0b263438fcab17520b30a303a82b5f", size = 4955991, upload-time = "2026-03-29T13:29:33.898Z" }
wheels = [
    { url = "https://files.pythonhosted.org/packages/f4/7e/a72dd26f3b0f4f2bf1dd8923c85f7ceb43172af56d63c7383eb62b332364/pygments-2.20.0-py3-none-any.whl", hash = "sha256:81a9e26dd42fd28a23a2d169d86d7ac03b46e2f8b59ed4698fb4785f946d0176", size = 1231151, upload-time = "2026-03-29T13:29:30.038Z" },
]

[[package]]
name = "pytest"
version = "9.1.1"
source = { registry = "https://pypi.org/simple" }
dependencies = [
    { name = "colorama", marker = "sys_platform == 'win32'" },
    { name = "iniconfig" },
    { name = "packaging" },
    { name = "pluggy" },
    { name = "pygments" },
]
sdist = { url = "https://files.pythonhosted.org/packages/e4/47/b9efed96c114afcfa3c9d3fe98a76a1d14c74a9e266d397cf6eb64be5e01/pytest-9.1.1.tar.gz", hash = "sha256:1088fbde8f2b49d95a549a195707afa7a76a3ce9bcadc26b6d71f0ffda5fe313", size = 1636369, upload-time = "2026-06-19T10:58:32.857Z" }
wheels = [
    { url = "https://files.pythonhosted.org/packages/24/25/1de2678b631f5a49215c6c96fff41ba892b0a34df68d6d80292b1b48aa7f/pytest-9.1.1-py3-none-any.whl", hash = "sha256:37a86b45efb9a47a61a36449063e8e18d0cab3161329fc099eb21783169c4f0c", size = 386536, upload-time = "2026-06-19T10:58:31.347Z" },
]

[[package]]
name = "sqlalchemy"
version = "2.0.51"
source = { registry = "https://pypi.org/simple" }
dependencies = [
    { name = "greenlet", marker = "platform_machine == 'AMD64' or platform_machine == 'WIN32' or platform_machine == 'aarch64' or platform_machine == 'amd64' or platform_machine == 'ppc64le' or platform_machine == 'win32' or platform_machine == 'x86_64'" },
    { name = "typing-extensions" },
]
sdist = { url = "https://files.pythonhosted.org/packages/02/f1/a7a892f18d4d224e6b26f706531eafccc41e37594d37d304786969ee13cb/sqlalchemy-2.0.51.tar.gz", hash = "sha256:804dccd8a4a6242c4e30ad961e540e18a588f6527202f2d6791b01845d59fdc9", size = 9912201, upload-time = "2026-06-15T15:41:20.012Z" }
wheels = [
    { url = "https://files.pythonhosted.org/packages/54/fe/a210d52fd1a90ecfae8a78e9d8b27e18d733d60818a8bf250ff690b75120/sqlalchemy-2.0.51-cp313-cp313-macosx_11_0_arm64.whl", hash = "sha256:7c2056838b6685b72fdb36c99996cf862753461a62f2e84f4196371d3b2d6a07", size = 2157184, upload-time = "2026-06-15T16:08:50.374Z" },
    { url = "https://files.pythonhosted.org/packages/17/6b/2dce8369b199cb855110e056032f94a9f66dacc2237d3d39c115a86eac56/sqlalchemy-2.0.51-cp313-cp313-manylinux2014_aarch64.manylinux_2_17_aarch64.manylinux_2_28_aarch64.whl", hash = "sha256:483b11bd46bf35fc14c52faf338b04300c9e6ce554bce9b11be85bfec3bc3195", size = 3284735, upload-time = "2026-06-15T16:19:46.934Z" },
    { url = "https://files.pythonhosted.org/packages/53/ff/dbc495b8a14da840faffb353857a72d4190113cac33727906fb997047f0f/sqlalchemy-2.0.51-cp313-cp313-manylinux2014_x86_64.manylinux_2_17_x86_64.manylinux_2_28_x86_64.whl", hash = "sha256:1bed1ee8b01da6088210aa9412023326fb98a599ba502e6118308601dcbef77f", size = 3302756, upload-time = "2026-06-15T16:26:41.336Z" },
    { url = "https://files.pythonhosted.org/packages/cf/d5/fde8f4dddcf518ee15ab35a7c6a28acc32c8ba548d1d2aa451f96e6dbb0b/sqlalchemy-2.0.51-cp313-cp313-musllinux_1_2_aarch64.whl", hash = "sha256:72ca54c952107ba5cd58854b67a5a6268631289d21651a1235396f3b98b47400", size = 3232055, upload-time = "2026-06-15T16:19:49.286Z" },
    { url = "https://files.pythonhosted.org/packages/67/d1/43d3a0ac955a58601c24fa23038b1c55ee3a1ec02c0f96ebb1eae2bcf614/sqlalchemy-2.0.51-cp313-cp313-musllinux_1_2_x86_64.whl", hash = "sha256:b3e693d15533a45cd5906f0589f9c35090bef6ef45bf1e8195c424aa0ae06a8d", size = 3269850, upload-time = "2026-06-15T16:26:43.017Z" },
    { url = "https://files.pythonhosted.org/packages/94/df/de669c7054cd47c4439ac34b1b2ee8b804a794791fbb10720e997a2c87c7/sqlalchemy-2.0.51-cp313-cp313-win32.whl", hash = "sha256:b93ab07b5292dbe7e6b8da89475275e7042744283921344b56105f3eeb0f828b", size = 2117721, upload-time = "2026-06-15T16:23:12.36Z" },
    { url = "https://files.pythonhosted.org/packages/d0/8a/403c51d064196bae20a0bc2476577f83a3f8dd299719a97417086b7f2ec5/sqlalchemy-2.0.51-cp313-cp313-win_amd64.whl", hash = "sha256:0f053118c30e53161857a953e4de667d90e274980dccbe5dd3829bbbeece72a5", size = 2143615, upload-time = "2026-06-15T16:23:13.906Z" },
    { url = "https://files.pythonhosted.org/packages/b1/49/a739be2e1d02a96a658eb71ab45d921c874249252358ad24a5bffdd02525/sqlalchemy-2.0.51-cp314-cp314-macosx_11_0_arm64.whl", hash = "sha256:6ea306caaae6bd5afd0a46050003c88f6bf33227377a49298c498c3cb88ff491", size = 2158999, upload-time = "2026-06-15T16:08:51.759Z" },
    { url = "https://files.pythonhosted.org/packages/23/6b/2e0e38cf75c8780eca78d9b2e78164f8bcfd70125e5caa588ff5cbb9c9f4/sqlalchemy-2.0.51-cp314-cp314-manylinux2014_aarch64.manylinux_2_17_aarch64.manylinux_2_28_aarch64.whl", hash = "sha256:c45a496d6bc05dec41dcd4c3a2b183723f47473255c159cd80b503c8f246424d", size = 3282539, upload-time = "2026-06-15T16:19:51.065Z" },
    { url = "https://files.pythonhosted.org/packages/dd/a1/e77854cb5336fd37dc3c6ae3b71de242c98caac5725120be0b526b31cbd0/sqlalchemy-2.0.51-cp314-cp314-manylinux2014_x86_64.manylinux_2_17_x86_64.manylinux_2_28_x86_64.whl", hash = "sha256:4004ada0aafe8ae1991b2cd1d99c6d9146126e123bd6f883c260d974aa012e54", size = 3287545, upload-time = "2026-06-15T16:26:44.735Z" },
    { url = "https://files.pythonhosted.org/packages/f6/ab/9e17272fd4dac8df3b83c4fbe52b998a1c9d89a843c8c35ff29b74ff7364/sqlalchemy-2.0.51-cp314-cp314-musllinux_1_2_aarch64.whl", hash = "sha256:0f6bcad487aee1c638d707235682fc96f741de00663619881ab235400d03289e", size = 3230929, upload-time = "2026-06-15T16:19:52.625Z" },
    { url = "https://files.pythonhosted.org/packages/02/3c/52f408ea701781caee975606beccc48845f2aee8711ac29843d612c0306c/sqlalchemy-2.0.51-cp314-cp314-musllinux_1_2_x86_64.whl", hash = "sha256:39a76529db6305693d8d4affa58ad5b5e2e18edd62daea628b29b97930b3513d", size = 3252888, upload-time = "2026-06-15T16:26:46.454Z" },
    { url = "https://files.pythonhosted.org/packages/24/16/3efd2ee6bc4ca4693a30a1dd17a91b606cae15d517d2a4746611d9b73ce8/sqlalchemy-2.0.51-cp314-cp314-win32.whl", hash = "sha256:08a204d8b5638717c26a24df18fcf40af45a6b22e35b70b1d62f0113c2e278e8", size = 2120551, upload-time = "2026-06-15T16:23:15.629Z" },
    { url = "https://files.pythonhosted.org/packages/7b/78/55b12e70f45bccc40d9e483925c065027b3b98ea4cbbdf6f8c2546feaf6c/sqlalchemy-2.0.51-cp314-cp314-win_amd64.whl", hash = "sha256:96747bfbadb055466e5b46d572618170046b45ce5a4879167f50d70a5319a499", size = 2146318, upload-time = "2026-06-15T16:23:17.108Z" },
    { url = "https://files.pythonhosted.org/packages/21/db/a9574ed40fed418924b1b1a3e54f47ee3963053b3d3d325a0d36b41f2c08/sqlalchemy-2.0.51-cp314-cp314t-macosx_11_0_arm64.whl", hash = "sha256:e5ea1a213be1fcd5e49d9904c3b9939211ded90bc2a64e93f4c01963474285de", size = 2178920, upload-time = "2026-06-15T15:59:56.285Z" },
    { url = "https://files.pythonhosted.org/packages/bf/90/a1bb5c7cbba76b7bc1fbd586d0a5479a7bc9c27b4a8298f22ec9423b2bb3/sqlalchemy-2.0.51-cp314-cp314t-manylinux2014_aarch64.manylinux_2_17_aarch64.manylinux_2_28_aarch64.whl", hash = "sha256:7c6b36ed71f41942bdcd2ad2522be46bfce09d5705be5640ecf19bbc7660e4b7", size = 3566534, upload-time = "2026-06-15T15:58:35.024Z" },
    { url = "https://files.pythonhosted.org/packages/15/4b/481f1fed30e0e9e8dd24aecbb49f29eb57fe7657ece5cf06ee9b84bb97d8/sqlalchemy-2.0.51-cp314-cp314t-manylinux2014_x86_64.manylinux_2_17_x86_64.manylinux_2_28_x86_64.whl", hash = "sha256:0c2c62877097e1a0db401fba5cb4debee33265e5b2a55c4ccb489c02c53b4f72", size = 3535844, upload-time = "2026-06-15T16:02:43.973Z" },
    { url = "https://files.pythonhosted.org/packages/02/71/0aa64aeda645510af0a43f7d9ee70932f0d1dc4263aed34c50ee891d9df3/sqlalchemy-2.0.51-cp314-cp314t-musllinux_1_2_aarch64.whl", hash = "sha256:0378d055e9e8cd6ce4d8dff683bdd3d7d413533c4ee51d67a2b1e0f9eacc0f23", size = 3475355, upload-time = "2026-06-15T15:58:36.592Z" },
    { url = "https://files.pythonhosted.org/packages/05/db/6061db32316446135a3abae5f308d144ab988a34234726042da3e58b1c63/sqlalchemy-2.0.51-cp314-cp314t-musllinux_1_2_x86_64.whl", hash = "sha256:6e46fc36029eff666391e0531e5387b62ce6c4f1d8e50b3fb3099eaca1b42522", size = 3486591, upload-time = "2026-06-15T16:02:45.346Z" },
    { url = "https://files.pythonhosted.org/packages/0d/c9/f14fdf71bb8957e0c7e39db69bbdf12b5c80f4ef775fdfa127bf4e0d6760/sqlalchemy-2.0.51-cp314-cp314t-win32.whl", hash = "sha256:9161cfc9efce70d1715f47d6ff40f79c6778c00d53be4fbc09d70301e4b83ba7", size = 2151313, upload-time = "2026-06-15T16:03:39.127Z" },
    { url = "https://files.pythonhosted.org/packages/6a/c6/673e618e6f4f297e126d9b56ea2f6478708f6c1af4e3223835c22e2c3697/sqlalchemy-2.0.51-cp314-cp314t-win_amd64.whl", hash = "sha256:159bb6ba32059f57ad7375a8f50d844dd2f19d14954ecf820cd33e20debd46b2", size = 2186280, upload-time = "2026-06-15T16:03:40.569Z" },
    { url = "https://files.pythonhosted.org/packages/e2/22/dbf013a12ec759e54a34a119e9e217435b3f71b2dd5c61a7ade0a25dae87/sqlalchemy-2.0.51-py3-none-any.whl", hash = "sha256:bb024d8b621d0be75f4f44ecc7c950450026e76d66dc8f791bb5331d7fed59d5", size = 1944334, upload-time = "2026-06-15T16:09:22.418Z" },
]

[[package]]
name = "typing-extensions"
version = "4.16.0"
source = { registry = "https://pypi.org/simple" }
sdist = { url = "https://files.pythonhosted.org/packages/f6/cc/6253133b5bb138fc3306cebfbda2c520f545d36b5be2c7255cc528bb45d6/typing_extensions-4.16.0.tar.gz", hash = "sha256:dc983d19a509c94dba722ee6abd33940f7c05a89e243c47e907eb4db6f1a43e5", size = 113555, upload-time = "2026-07-02T08:40:05.92Z" }
wheels = [
    { url = "https://files.pythonhosted.org/packages/49/d3/b8441a820a491ddfc024b0b0cf0393375b75ea13866d9c66727e54c2fc80/typing_extensions-4.16.0-py3-none-any.whl", hash = "sha256:481caa481374e813c1b176ada14e97f1f67a4539ce9cfeb3f350d78d6370c2e8", size = 45571, upload-time = "2026-07-02T08:40:04.659Z" },
]
